
Microsoft Visual Studio Solution File, Format Version 12.00
# Visual Studio 15
VisualStudioVersion = 15.0.28307.421
MinimumVisualStudioVersion = 10.0.40219.1
Project("{FAE04EC0-301F-11D3-BF4B-00C04F79EFBC}") = "Excercise03", "Excercise03\Excercise03.csproj", "{D23BB023-0EEC-4DC6-A530-E3F3FACD2939}"
EndProject
Project("{FAE04EC0-301F-11D3-BF4B-00C04F79EFBC}") = "SampleLibrary", "SampleLibrary\SampleLibrary.csproj", "{8F160587-DCB8-4F9B-B209-3931E8535D8C}"
EndProject
Project("{FAE04EC0-301F-11D3-BF4B-00C04F79EFBC}") = "Utils", "D:\School\CSharp\csharp\Utils\Utils.csproj", "{6DD309A6-3149-4754-8698-35D300EB548C}"
EndProject
Global
	GlobalSection(SolutionConfigurationPlatforms) = preSolution
		Debug|Any CPU = Debug|Any CPU
		Release|Any CPU = Release|Any CPU
	EndGlobalSection
	GlobalSection(ProjectConfigurationPlatforms) = postSolution
		{D23BB023-0EEC-4DC6-A530-E3F3FACD2939}.Debug|Any CPU.ActiveCfg = Debug|Any CPU
		{D23BB023-0EEC-4DC6-A530-E3F3FACD2939}.Debug|Any CPU.Build.0 = Debug|Any CPU
		{D23BB023-0EEC-4DC6-A530-E3F3FACD2939}.Release|Any CPU.ActiveCfg = Release|Any CPU
		{D23BB023-0EEC-4DC6-A530-E3F3FACD2939}.Release|Any CPU.Build.0 = Release|Any CPU
		{8F160587-DCB8-4F9B-B209-3931E8535D8C}.Debug|Any CPU.ActiveCfg = Debug|Any CPU
		{8F160587-DCB8-4F9B-B209-3931E8535D8C}.Debug|Any CPU.Build.0 = Debug|Any CPU
		{8F160587-DCB8-4F9B-B209-3931E8535D8C}.Release|Any CPU.ActiveCfg = Release|Any CPU
		{8F160587-DCB8-4F9B-B209-3931E8535D8C}.Release|Any CPU.Build.0 = Release|Any CPU
		{6DD309A6-3149-4754-8698-35D300EB548C}.Debug|Any CPU.ActiveCfg = Debug|Any CPU
		{6DD309A6-3149-4754-8698-35D300EB548C}.Debug|Any CPU.Build.0 = Debug|Any CPU
		{6DD309A6-3149-4754-8698-35D300EB548C}.Release|Any CPU.ActiveCfg = Release|Any CPU
		{6DD309A6-3149-4754-8698-35D300EB548C}.Release|Any CPU.Build.0 = Release|Any CPU
	EndGlobalSection
	GlobalSection(SolutionProperties) = preSolution
		HideSolutionNode = FALSE
	EndGlobalSection
	GlobalSection(ExtensibilityGlobals) = postSolution
		SolutionGuid = {159C4D02-DAE1-41BD-98C9-42B8A1FA1A63}
	EndGlobalSection
EndGlobal
